
Microsoft Visual Studio Solution File, Format Version 12.00
Project("{FAE04EC0-301F-11D3-BF4B-00C04F79EFBC}") = "CGG", "CGG\CGG.csproj", "{9BA3CBC8-A286-41D6-BD85-CD87A6F19887}"
EndProject
Project("{FAE04EC0-301F-11D3-BF4B-00C04F79EFBC}") = "Bresenham", "Bresenham\Bresenham.csproj", "{400555C2-99CE-4768-B1E3-A89521F5A3DF}"
EndProject
Global
	GlobalSection(SolutionConfigurationPlatforms) = preSolution
		Debug|Any CPU = Debug|Any CPU
		Release|Any CPU = Release|Any CPU
	EndGlobalSection
	GlobalSection(ProjectConfigurationPlatforms) = postSolution
		{9BA3CBC8-A286-41D6-BD85-CD87A6F19887}.Debug|Any CPU.ActiveCfg = Debug|Any CPU
		{9BA3CBC8-A286-41D6-BD85-CD87A6F19887}.Debug|Any CPU.Build.0 = Debug|Any CPU
		{9BA3CBC8-A286-41D6-BD85-CD87A6F19887}.Release|Any CPU.ActiveCfg = Release|Any CPU
		{9BA3CBC8-A286-41D6-BD85-CD87A6F19887}.Release|Any CPU.Build.0 = Release|Any CPU
		{400555C2-99CE-4768-B1E3-A89521F5A3DF}.Debug|Any CPU.ActiveCfg = Debug|Any CPU
		{400555C2-99CE-4768-B1E3-A89521F5A3DF}.Debug|Any CPU.Build.0 = Debug|Any CPU
		{400555C2-99CE-4768-B1E3-A89521F5A3DF}.Release|Any CPU.ActiveCfg = Release|Any CPU
		{400555C2-99CE-4768-B1E3-A89521F5A3DF}.Release|Any CPU.Build.0 = Release|Any CPU
	EndGlobalSection
EndGlobal
